<?xml version="1.0" encoding="UTF-8" standalone="yes" ?>
<CodeBlocks_project_file>
	<FileVersion major="1" minor="6" />
	<Project>
		<Option title="MFM" />
		<Option pch_mode="2" />
		<Option compiler="gcc" />
		<Build>
			<Target title="Debug">
				<Option output="Debug/MFM" prefix_auto="1" extension_auto="1" />
				<Option working_dir="Debug" />
				<Option object_output="Debug" />
				<Option type="0" />
				<Option compiler="gcc" />
				<Compiler>
					<Add option="-Os" />
					<Add option="-W" />
					<Add option="-O0" />
					<Add option="-DWIN32" />
					<Add option="-D_DEBUG" />
					<Add option="-D_WINDOWS" />
				</Compiler>
				<Linker>
					<Add option="-s" />
				</Linker>
			</Target>
			<Target title="Release">
				<Option output="Release/MFM" prefix_auto="1" extension_auto="1" />
				<Option working_dir="Release" />
				<Option object_output="Release" />
				<Option type="0" />
				<Option compiler="gcc" />
				<Compiler>
					<Add option="-Os" />
					<Add option="-W" />
					<Add option="-DWIN32" />
					<Add option="-DNDEBUG" />
					<Add option="-D_WINDOWS" />
				</Compiler>
				<Linker>
					<Add option="-s" />
				</Linker>
			</Target>
		</Build>
		<Compiler>
			<Add option="-Os" />
			<Add option="-DUNICODE -D _UNICODE -c" />
		</Compiler>
		<Linker>
			<Add option="-s" />
			<Add option="-lws2_32" />
		</Linker>
		<Unit filename="src/MFM.cpp" />
		<Unit filename="src/MFM.h" />
		<Unit filename="src/MFM.ico" />
		<Unit filename="src/MFM.rc">
			<Option compilerVar="WINDRES" />
		</Unit>
		<Unit filename="src/client/client_main.cpp" />
		<Unit filename="src/client/client_main.hpp" />
		<Unit filename="src/resource.h" />
		<Unit filename="src/server/clientsession.cpp" />
		<Unit filename="src/server/clientsession.hpp" />
		<Unit filename="src/server/commands.cpp" />
		<Unit filename="src/server/commands.hpp" />
		<Unit filename="src/server/database.cpp" />
		<Unit filename="src/server/database.hpp" />
		<Unit filename="src/server/listener.cpp" />
		<Unit filename="src/server/listener.hpp" />
		<Unit filename="src/server/log_window.cpp" />
		<Unit filename="src/server/log_window.hpp" />
		<Unit filename="src/server/send_cmd.cpp" />
		<Unit filename="src/server/send_cmd.hpp" />
		<Unit filename="src/server/server_log.cpp" />
		<Unit filename="src/server/server_log.hpp" />
		<Unit filename="src/server/server_main.cpp" />
		<Unit filename="src/server/server_main.hpp" />
		<Unit filename="src/shared/crypto/aes.cpp" />
		<Unit filename="src/shared/crypto/aes.hpp" />
		<Unit filename="src/shared/crypto/random.cpp" />
		<Unit filename="src/shared/crypto/random.hpp" />
		<Unit filename="src/shared/crypto/rsa.cpp" />
		<Unit filename="src/shared/crypto/rsa.hpp" />
		<Unit filename="src/shared/crypto/sha2.cpp" />
		<Unit filename="src/shared/crypto/sha2.hpp" />
		<Unit filename="src/shared/mainmenu.cpp" />
		<Unit filename="src/shared/mainmenu.hpp" />
		<Unit filename="src/shared/wcreate.cpp" />
		<Unit filename="src/shared/wcreate.hpp" />
		<Unit filename="src/shared/wcreg.cpp" />
		<Unit filename="src/shared/wcreg.hpp" />
		<Unit filename="src/small.ico" />
		<Unit filename="src/stdafx.cpp" />
		<Unit filename="src/stdafx.h" />
		<Extensions>
			<code_completion />
			<envvars />
			<debugger />
			<lib_finder disable_auto="1" />
		</Extensions>
	</Project>
</CodeBlocks_project_file>
